{
  "name": "webapp",
  "lockfileVersion": 3,
  "requires": true,
  "packages": {
    "": {
      "dependencies": {
        "@melloware/coloris": "^0.25.0",
        "bootstrap-toggle": "^2.2.2",
        "jquery-debounce-throttle": "^1.0.6-rc.0",
        "monaco": "^1.201704190613.0"
      }
    },
    "node_modules/@melloware/coloris": {
      "version": "0.25.0",
      "resolved": "https://registry.npmjs.org/@melloware/coloris/-/coloris-0.25.0.tgz",
      "integrity": "sha512-RBWVFLjWbup7GRkOXb9g3+ZtR9AevFtJinrRz2cYPLjZ3TCkNRGMWuNbmQWbZ5cF3VU7aQDZwUsYgIY/bGrh2g==",
      "license": "MIT"
    },
    "node_modules/bootstrap-toggle": {
      "version": "2.2.2",
      "resolved": "https://registry.npmjs.org/bootstrap-toggle/-/bootstrap-toggle-2.2.2.tgz",
      "integrity": "sha512-AkYD/i3NGCEksIb/PmmUrrxpa0DYi7Si30e9Ldhou2t1HTd9npoXUsxJJjFPvlV7iLUptlysWTcYD7i3DKV6qg==",
      "license": "MIT"
    },
    "node_modules/jquery": {
      "version": "3.7.1",
      "resolved": "https://registry.npmjs.org/jquery/-/jquery-3.7.1.tgz",
      "integrity": "sha512-m4avr8yL8kmFN8psrbFFFmB/If14iN5o9nw/NgnnM+kybDJpRsAynV2BsfpTYrTRysYUdADVD7CkUUizgkpLfg==",
      "license": "MIT"
    },
    "node_modules/jquery-debounce-throttle": {
      "version": "1.0.6-rc.0",
      "resolved": "https://registry.npmjs.org/jquery-debounce-throttle/-/jquery-debounce-throttle-1.0.6-rc.0.tgz",
      "integrity": "sha512-GhdvfeD+sMiYdK4BT6WZOpxFbaS9o+87OaqdmH0K1hXyvZd0uzZukXSSy9lt9kQ6FoVY06GGphFmrpyJUrGyNQ==",
      "license": "MIT",
      "dependencies": {
        "jquery": ">=1.7"
      }
    },
    "node_modules/monaco": {
      "version": "1.201704190613.0",
      "resolved": "https://registry.npmjs.org/monaco/-/monaco-1.201704190613.0.tgz",
      "integrity": "sha512-xcQUOfa7inJdhOjHmwxILMIyPk4nl80E9AVvwyz5PUC2uEbxSjNUR9tjEIUxR+rR5o0xe64lqsIpChSzu8YMOQ==",
      "license": "MIT"
    }
  }
}
