# THIS IS AN AUTOGENERATED FILE. DO NOT EDIT THIS FILE DIRECTLY.
# yarn lockfile v1


"@melloware/coloris@^0.25.0":
  version "0.25.0"
  resolved "https://registry.yarnpkg.com/@melloware/coloris/-/coloris-0.25.0.tgz#7012c10dc510dca1660b3692ed3c812344aec6ca"
  integrity sha512-RBWVFLjWbup7GRkOXb9g3+ZtR9AevFtJinrRz2cYPLjZ3TCkNRGMWuNbmQWbZ5cF3VU7aQDZwUsYgIY/bGrh2g==
