# THIS IS AN AUTOGENERATED FILE. DO NOT EDIT THIS FILE DIRECTLY.
# yarn lockfile v1


"@fortawesome/fontawesome-free@^7.1.0":
  version "7.1.0"
  resolved "https://registry.yarnpkg.com/@fortawesome/fontawesome-free/-/fontawesome-free-7.1.0.tgz#8eb76278515341720aa74485266f8be121089529"
  integrity sha512-+WxNld5ZCJHvPQCr/GnzCTVREyStrAJjisUPtUxG5ngDA8TMlPnKp6dddlTpai4+1GNmltAeuk1hJEkBohwZYA==

"@melloware/coloris@^0.25.0":
  version "0.25.0"
  resolved "https://registry.yarnpkg.com/@melloware/coloris/-/coloris-0.25.0.tgz#7012c10dc510dca1660b3692ed3c812344aec6ca"
  integrity sha512-RBWVFLjWbup7GRkOXb9g3+ZtR9AevFtJinrRz2cYPLjZ3TCkNRGMWuNbmQWbZ5cF3VU7aQDZwUsYgIY/bGrh2g==

"@popperjs/core@^2.11.8":
  version "2.11.8"
  resolved "https://registry.yarnpkg.com/@popperjs/core/-/core-2.11.8.tgz#6b79032e760a0899cd4204710beede972a3a185f"
  integrity sha512-P1st0aksCrn9sGZhp8GMYwBnQsbvAWsZAX44oXNNvLHGqAOcoVxmjZiohstwQ7SqKnbR47akdNi+uleWD8+g6A==

bootstrap-toggle@^2.2.2:
  version "2.2.2"
  resolved "https://registry.yarnpkg.com/bootstrap-toggle/-/bootstrap-toggle-2.2.2.tgz#2b88534fc1b998674f877f98ba0d8b5b743e96fe"
  integrity sha512-AkYD/i3NGCEksIb/PmmUrrxpa0DYi7Si30e9Ldhou2t1HTd9npoXUsxJJjFPvlV7iLUptlysWTcYD7i3DKV6qg==

bootstrap@^5.1.3, bootstrap@^5.3.8:
  version "5.3.8"
  resolved "https://registry.yarnpkg.com/bootstrap/-/bootstrap-5.3.8.tgz#6401a10057a22752d21f4e19055508980656aeed"
  integrity sha512-HP1SZDqaLDPwsNiqRqi5NcP0SSXciX2s9E+RyqJIIqGo+vJeN5AJVM98CXmW/Wux0nQ5L7jeWUdplCEf0Ee+tg==

d3@3.5.17:
  version "3.5.17"
  resolved "https://registry.yarnpkg.com/d3/-/d3-3.5.17.tgz#bc46748004378b21a360c9fc7cf5231790762fb8"
  integrity sha512-yFk/2idb8OHPKkbAL8QaOaqENNoMhIaSHZerk3oQsECwkObkCpJyjYwCe+OHiq6UEdhe1m8ZGARRRO3ljFjlKg==

datatables.net-bs5@^2.3.4:
  version "2.3.5"
  resolved "https://registry.yarnpkg.com/datatables.net-bs5/-/datatables.net-bs5-2.3.5.tgz#96f76dce12b1554664b06bd85f6b3be8d6da509f"
  integrity sha512-2JA2WZz1tBxdVpYAspiqI8POdqEoAZZzqp7tISKaof2P5ufBJb+OLaahxwuB0sF9qcQh1azlU+JH1zsLBXVwXg==
  dependencies:
    datatables.net "2.3.5"
    jquery ">=1.7"

datatables.net@2.3.5, datatables.net@^2.3.4:
  version "2.3.5"
  resolved "https://registry.yarnpkg.com/datatables.net/-/datatables.net-2.3.5.tgz#a35cc1209edb7525ea68ebc3e7d3af6e3f30a758"
  integrity sha512-Qrwc+vuw8GHo42u1usWTuriNAMW0VvLPSW3j8g3GxvatiD8wS/ZGW32VAYLLfmF4Hz0C/fo2KB3xZBfcpqqVTQ==
  dependencies:
    jquery ">=1.7"

dompurify@3.1.7:
  version "3.1.7"
  resolved "https://registry.yarnpkg.com/dompurify/-/dompurify-3.1.7.tgz#711a8c96479fb6ced93453732c160c3c72418a6a"
  integrity sha512-VaTstWtsneJY8xzy7DekmYWEOZcmzIe3Qb3zPd4STve1OBTa+e+WmS1ITQec1fZYXI3HCsOZZiSMpG6oxoWMWQ==

file-saver@^2.0.5:
  version "2.0.5"
  resolved "https://registry.yarnpkg.com/file-saver/-/file-saver-2.0.5.tgz#d61cfe2ce059f414d899e9dd6d4107ee25670c38"
  integrity sha512-P9bmyZ3h/PRG+Nzga+rbdI4OEpNDzAVyy74uVO9ATgzLK6VtAsYybF/+TOCvrc0MO793d6+42lLyZTw7/ArVzA==

flag-icons@^7.5.0:
  version "7.5.0"
  resolved "https://registry.yarnpkg.com/flag-icons/-/flag-icons-7.5.0.tgz#66462df3e8bc5ef3a283322a46bb9dde1b290505"
  integrity sha512-kd+MNXviFIg5hijH766tt+3x76ele1AXlo4zDdCxIvqWZhKt4T83bOtxUOOMlTx/EcFdUMH5yvQgYlFh1EqqFg==

jquery-debounce-throttle@^1.0.6-rc.0:
  version "1.0.6-rc.0"
  resolved "https://registry.yarnpkg.com/jquery-debounce-throttle/-/jquery-debounce-throttle-1.0.6-rc.0.tgz#59a7737e46d8b435d01bc94b224e98fa126aba46"
  integrity sha512-GhdvfeD+sMiYdK4BT6WZOpxFbaS9o+87OaqdmH0K1hXyvZd0uzZukXSSy9lt9kQ6FoVY06GGphFmrpyJUrGyNQ==
  dependencies:
    jquery ">=1.7"

jquery@>=1.7:
  version "3.7.1"
  resolved "https://registry.yarnpkg.com/jquery/-/jquery-3.7.1.tgz#083ef98927c9a6a74d05a6af02806566d16274de"
  integrity sha512-m4avr8yL8kmFN8psrbFFFmB/If14iN5o9nw/NgnnM+kybDJpRsAynV2BsfpTYrTRysYUdADVD7CkUUizgkpLfg==

marked@14.0.0:
  version "14.0.0"
  resolved "https://registry.yarnpkg.com/marked/-/marked-14.0.0.tgz#79a1477358a59e0660276f8fec76de2c33f35d83"
  integrity sha512-uIj4+faQ+MgHgwUW1l2PsPglZLOLOT1uErt06dAPtx2kjteLAkbsd/0FiYg/MGS+i7ZKLb7w2WClxHkzOOuryQ==

monaco-editor@^0.54.0:
  version "0.54.0"
  resolved "https://registry.yarnpkg.com/monaco-editor/-/monaco-editor-0.54.0.tgz#c0d6ebb46b83f1bef6f67f6aa471e38ba7ef8231"
  integrity sha512-hx45SEUoLatgWxHKCmlLJH81xBo0uXP4sRkESUpmDQevfi+e7K1VuiSprK6UpQ8u4zOcKNiH0pMvHvlMWA/4cw==
  dependencies:
    dompurify "3.1.7"
    marked "14.0.0"

nvd3@1.8.6:
  version "1.8.6"
  resolved "https://registry.yarnpkg.com/nvd3/-/nvd3-1.8.6.tgz#2d3eba74bf33363b5101ebf1d093c59a53ae73c4"
  integrity sha512-YGQ9hAQHuQCF0JmYkT2GhNMHb5pA+vDfQj6C2GdpQPzdRPj/srPG3mh/3fZzUFt+at1NusLk/RqICUWkxm4viQ==

select2-bootstrap-5-theme@^1.3.0:
  version "1.3.0"
  resolved "https://registry.yarnpkg.com/select2-bootstrap-5-theme/-/select2-bootstrap-5-theme-1.3.0.tgz#b7126b01c4e2cfb5ee683b219820d49da31b4810"
  integrity sha512-uEJDruP4tmwyKcs3V0oP7CIsyC45PGF5ddo8unwTp8OucJ1PSuTOBr+xbWaHTQPGnvp7N96psVQ5UBMQvFCcHA==
  dependencies:
    bootstrap "^5.1.3"

select2@^4.0.13:
  version "4.0.13"
  resolved "https://registry.yarnpkg.com/select2/-/select2-4.0.13.tgz#0dbe377df3f96167c4c1626033e924372d8ef44d"
  integrity sha512-1JeB87s6oN/TDxQQYCvS5EFoQyvV6eYMZZ0AeA4tdFDYWN3BAGZ8npr17UBFddU0lgAt3H0yjX3X6/ekOj1yjw==
