# THIS IS AN AUTOGENERATED FILE. DO NOT EDIT THIS FILE DIRECTLY.
# yarn lockfile v1


"@mathjax/mathjax-newcm-font@^4.0.0":
  version "4.0.0"
  resolved "https://registry.yarnpkg.com/@mathjax/mathjax-newcm-font/-/mathjax-newcm-font-4.0.0.tgz#01afa8b20f2114665dc1d9a7fbc623a23ddb54e4"
  integrity sha512-kpsJgIF4FpWiwIkFgOPmWwy5GXfL25spmJJNg27HQxPddmEL8Blx0jn2BuU/nlwjM/9SnYpEfDrWiAMgLPlB8Q==

mathjax@^4.0.0:
  version "4.0.0"
  resolved "https://registry.yarnpkg.com/mathjax/-/mathjax-4.0.0.tgz#ff7aa8b6bfdc7e97e41091a9ed6d8c8f8eefd2a0"
  integrity sha512-ThMPHiPl9ibZBInAmfoTCNq9MgCdH7ChIQ9YhKFc325noJ4DMzy9/Q14qdcuPzVJjEmC3kyXhwnERZWX3hbWzQ==
  dependencies:
    "@mathjax/mathjax-newcm-font" "^4.0.0"
